
Microsoft Visual Studio Solution File, Format Version 12.00
# Visual Studio Version 17
VisualStudioVersion = 17.0.31919.166
MinimumVisualStudioVersion = 10.0.40219.1
Project("{FAE04EC0-301F-11D3-BF4B-00C04F79EFBC}") = "WpfLesson_11.2", "WpfLesson_11.2\WpfLesson_11.2.csproj", "{4C079CD5-706A-4BFD-A619-34F30CC110CF}"
EndProject
Global
	GlobalSection(SolutionConfigurationPlatforms) = preSolution
		Debug|Any CPU = Debug|Any CPU
		Release|Any CPU = Release|Any CPU
	EndGlobalSection
	GlobalSection(ProjectConfigurationPlatforms) = postSolution
		{4C079CD5-706A-4BFD-A619-34F30CC110CF}.Debug|Any CPU.ActiveCfg = Debug|Any CPU
		{4C079CD5-706A-4BFD-A619-34F30CC110CF}.Debug|Any CPU.Build.0 = Debug|Any CPU
		{4C079CD5-706A-4BFD-A619-34F30CC110CF}.Release|Any CPU.ActiveCfg = Release|Any CPU
		{4C079CD5-706A-4BFD-A619-34F30CC110CF}.Release|Any CPU.Build.0 = Release|Any CPU
	EndGlobalSection
	GlobalSection(SolutionProperties) = preSolution
		HideSolutionNode = FALSE
	EndGlobalSection
	GlobalSection(ExtensibilityGlobals) = postSolution
		SolutionGuid = {79B9CA9E-5B08-40D3-865C-B1D29C2E662B}
	EndGlobalSection
EndGlobal
